
Microsoft Visual Studio Solution File, Format Version 12.00
# Visual Studio Version 17
VisualStudioVersion = 17.14.36401.2 d17.14
MinimumVisualStudioVersion = 10.0.40219.1
Project("{54A90642-561A-4BB1-A94E-469ADEE60C69}") = "desafio.client", "desafio.client\desafio.client.esproj", "{F9F74589-24A2-9F42-6585-BB84017BC578}"
EndProject
Project("{FAE04EC0-301F-11D3-BF4B-00C04F79EFBC}") = "Desafio", "Desafio.Server\Desafio.csproj", "{26646CD9-C0BA-4E98-973F-EFF605D80EFB}"
EndProject
Project("{2150E333-8FDC-42A3-9474-1A3956D46DE8}") = "1 Web", "1 Web", "{02EA681E-C7D8-13C7-8484-4AC65E1B71E8}"
EndProject
Project("{2150E333-8FDC-42A3-9474-1A3956D46DE8}") = "Front-end", "Front-end", "{586820E4-8B02-4068-A3B7-D189009E44AA}"
EndProject
Project("{2150E333-8FDC-42A3-9474-1A3956D46DE8}") = "2 Application", "2 Application", "{ADA85288-698E-4B3C-A11B-832A6BF49949}"
EndProject
Project("{2150E333-8FDC-42A3-9474-1A3956D46DE8}") = "3 Domain", "3 Domain", "{F2CB01C2-9B15-40DC-900D-5D3145451565}"
EndProject
Project("{2150E333-8FDC-42A3-9474-1A3956D46DE8}") = "4 Infra", "4 Infra", "{03E3BEE1-14E6-4E69-9513-214F0FA42452}"
EndProject
Project("{2150E333-8FDC-42A3-9474-1A3956D46DE8}") = "Back-end", "Back-end", "{ED3A3C35-9909-431E-8323-EA724B84733E}"
EndProject
Project("{2150E333-8FDC-42A3-9474-1A3956D46DE8}") = "0 Test", "0 Test", "{34F6B93F-0D63-4E62-8799-38A817880402}"
EndProject
Project("{FAE04EC0-301F-11D3-BF4B-00C04F79EFBC}") = "Desafio.Application", "Application\Desafio.Application.csproj", "{C5365B4F-E2F4-418F-9FDC-0390A87D0444}"
EndProject
Project("{FAE04EC0-301F-11D3-BF4B-00C04F79EFBC}") = "Desafio.Domain", "Desafio.Domain\Desafio.Domain.csproj", "{7342BBF9-2777-4352-A7E1-F632F003080A}"
EndProject
Project("{2150E333-8FDC-42A3-9474-1A3956D46DE8}") = "4.1 Data", "4.1 Data", "{D7795547-C6D2-4412-8638-1C2BEBFD0B14}"
EndProject
Project("{2150E333-8FDC-42A3-9474-1A3956D46DE8}") = "4.2 CrossCutting", "4.2 CrossCutting", "{C626402E-449E-4DA3-B6BF-4472380074B9}"
EndProject
Project("{FAE04EC0-301F-11D3-BF4B-00C04F79EFBC}") = "Desafio.Data", "Services.Data\Desafio.Data.csproj", "{A3192015-7002-4F41-AED8-22EF86238500}"
EndProject
Global
	GlobalSection(SolutionConfigurationPlatforms) = preSolution
		Debug|Any CPU = Debug|Any CPU
		Release|Any CPU = Release|Any CPU
	EndGlobalSection
	GlobalSection(ProjectConfigurationPlatforms) = postSolution
		{F9F74589-24A2-9F42-6585-BB84017BC578}.Debug|Any CPU.ActiveCfg = Debug|Any CPU
		{F9F74589-24A2-9F42-6585-BB84017BC578}.Debug|Any CPU.Build.0 = Debug|Any CPU
		{F9F74589-24A2-9F42-6585-BB84017BC578}.Debug|Any CPU.Deploy.0 = Debug|Any CPU
		{F9F74589-24A2-9F42-6585-BB84017BC578}.Release|Any CPU.ActiveCfg = Release|Any CPU
		{F9F74589-24A2-9F42-6585-BB84017BC578}.Release|Any CPU.Build.0 = Release|Any CPU
		{F9F74589-24A2-9F42-6585-BB84017BC578}.Release|Any CPU.Deploy.0 = Release|Any CPU
		{26646CD9-C0BA-4E98-973F-EFF605D80EFB}.Debug|Any CPU.ActiveCfg = Debug|Any CPU
		{26646CD9-C0BA-4E98-973F-EFF605D80EFB}.Debug|Any CPU.Build.0 = Debug|Any CPU
		{26646CD9-C0BA-4E98-973F-EFF605D80EFB}.Release|Any CPU.ActiveCfg = Release|Any CPU
		{26646CD9-C0BA-4E98-973F-EFF605D80EFB}.Release|Any CPU.Build.0 = Release|Any CPU
		{C5365B4F-E2F4-418F-9FDC-0390A87D0444}.Debug|Any CPU.ActiveCfg = Debug|Any CPU
		{C5365B4F-E2F4-418F-9FDC-0390A87D0444}.Debug|Any CPU.Build.0 = Debug|Any CPU
		{C5365B4F-E2F4-418F-9FDC-0390A87D0444}.Release|Any CPU.ActiveCfg = Release|Any CPU
		{C5365B4F-E2F4-418F-9FDC-0390A87D0444}.Release|Any CPU.Build.0 = Release|Any CPU
		{7342BBF9-2777-4352-A7E1-F632F003080A}.Debug|Any CPU.ActiveCfg = Debug|Any CPU
		{7342BBF9-2777-4352-A7E1-F632F003080A}.Debug|Any CPU.Build.0 = Debug|Any CPU
		{7342BBF9-2777-4352-A7E1-F632F003080A}.Release|Any CPU.ActiveCfg = Release|Any CPU
		{7342BBF9-2777-4352-A7E1-F632F003080A}.Release|Any CPU.Build.0 = Release|Any CPU
		{A3192015-7002-4F41-AED8-22EF86238500}.Debug|Any CPU.ActiveCfg = Debug|Any CPU
		{A3192015-7002-4F41-AED8-22EF86238500}.Debug|Any CPU.Build.0 = Debug|Any CPU
		{A3192015-7002-4F41-AED8-22EF86238500}.Release|Any CPU.ActiveCfg = Release|Any CPU
		{A3192015-7002-4F41-AED8-22EF86238500}.Release|Any CPU.Build.0 = Release|Any CPU
	EndGlobalSection
	GlobalSection(SolutionProperties) = preSolution
		HideSolutionNode = FALSE
	EndGlobalSection
	GlobalSection(NestedProjects) = preSolution
		{F9F74589-24A2-9F42-6585-BB84017BC578} = {586820E4-8B02-4068-A3B7-D189009E44AA}
		{26646CD9-C0BA-4E98-973F-EFF605D80EFB} = {02EA681E-C7D8-13C7-8484-4AC65E1B71E8}
		{02EA681E-C7D8-13C7-8484-4AC65E1B71E8} = {ED3A3C35-9909-431E-8323-EA724B84733E}
		{ADA85288-698E-4B3C-A11B-832A6BF49949} = {ED3A3C35-9909-431E-8323-EA724B84733E}
		{F2CB01C2-9B15-40DC-900D-5D3145451565} = {ED3A3C35-9909-431E-8323-EA724B84733E}
		{03E3BEE1-14E6-4E69-9513-214F0FA42452} = {ED3A3C35-9909-431E-8323-EA724B84733E}
		{34F6B93F-0D63-4E62-8799-38A817880402} = {ED3A3C35-9909-431E-8323-EA724B84733E}
		{C5365B4F-E2F4-418F-9FDC-0390A87D0444} = {ADA85288-698E-4B3C-A11B-832A6BF49949}
		{7342BBF9-2777-4352-A7E1-F632F003080A} = {F2CB01C2-9B15-40DC-900D-5D3145451565}
		{D7795547-C6D2-4412-8638-1C2BEBFD0B14} = {03E3BEE1-14E6-4E69-9513-214F0FA42452}
		{C626402E-449E-4DA3-B6BF-4472380074B9} = {03E3BEE1-14E6-4E69-9513-214F0FA42452}
		{A3192015-7002-4F41-AED8-22EF86238500} = {D7795547-C6D2-4412-8638-1C2BEBFD0B14}
	EndGlobalSection
	GlobalSection(ExtensibilityGlobals) = postSolution
		SolutionGuid = {0BFADFB1-5950-4000-AAFD-C4A10E4C17C8}
	EndGlobalSection
EndGlobal
